
Microsoft Visual Studio Solution File, Format Version 12.00
# Visual Studio Version 17
VisualStudioVersion = 17.13.35931.197 d17.13
MinimumVisualStudioVersion = 10.0.40219.1
Project("{FAE04EC0-301F-11D3-BF4B-00C04F79EFBC}") = "FitCheck", "FitCheck\FitCheck.csproj", "{64251AB6-4AA6-495A-A3DC-50E7C4413F64}"
EndProject
Global
	GlobalSection(SolutionConfigurationPlatforms) = preSolution
		Debug|Any CPU = Debug|Any CPU
		Release|Any CPU = Release|Any CPU
	EndGlobalSection
	GlobalSection(ProjectConfigurationPlatforms) = postSolution
		{64251AB6-4AA6-495A-A3DC-50E7C4413F64}.Debug|Any CPU.ActiveCfg = Debug|Any CPU
		{64251AB6-4AA6-495A-A3DC-50E7C4413F64}.Debug|Any CPU.Build.0 = Debug|Any CPU
		{64251AB6-4AA6-495A-A3DC-50E7C4413F64}.Release|Any CPU.ActiveCfg = Release|Any CPU
		{64251AB6-4AA6-495A-A3DC-50E7C4413F64}.Release|Any CPU.Build.0 = Release|Any CPU
	EndGlobalSection
	GlobalSection(SolutionProperties) = preSolution
		HideSolutionNode = FALSE
	EndGlobalSection
	GlobalSection(ExtensibilityGlobals) = postSolution
		SolutionGuid = {B77F629B-DCA7-43DE-A08E-EA4D44BD2C9F}
	EndGlobalSection
EndGlobal
